
Microsoft Visual Studio Solution File, Format Version 12.00
# Visual Studio 15
VisualStudioVersion = 15.0.27130.2027
MinimumVisualStudioVersion = 10.0.40219.1
Project("{8BC9CEB8-8B4A-11D0-8D11-00A0C91BC942}") = "UDPAnalyzer", "UDPAnalyzer.vcxproj", "{D8B92D0C-BFDD-4D18-BC19-79CA26D8A24A}"
EndProject
Project("{8BC9CEB8-8B4A-11D0-8D11-00A0C91BC942}") = "AI", "..\..\..\Common\AI\AI.vcxproj", "{C7F9EBA2-B553-483B-BC34-D25F1C718255}"
EndProject
Project("{8BC9CEB8-8B4A-11D0-8D11-00A0C91BC942}") = "Common", "..\..\..\Common\Common\Common.vcxproj", "{EF9CA22D-0C8F-42E9-AB66-98BC1A640F10}"
EndProject
Project("{8BC9CEB8-8B4A-11D0-8D11-00A0C91BC942}") = "Network", "..\..\..\Common\Network\Network.vcxproj", "{A202AA06-F0EE-4B05-86DE-DA63B9F146D4}"
EndProject
Project("{8BC9CEB8-8B4A-11D0-8D11-00A0C91BC942}") = "Motion", "..\..\..\Common\Motion\Motion.vcxproj", "{298EE8F4-95A2-4A3F-A491-80DC3ED42377}"
EndProject
Project("{8BC9CEB8-8B4A-11D0-8D11-00A0C91BC942}") = "Graphic11", "..\..\..\Common\Graphic11\Graphic11.vcxproj", "{6E994653-A69C-4BE2-B830-97676E805F29}"
EndProject
Global
	GlobalSection(SolutionConfigurationPlatforms) = preSolution
		Debug|Win32 = Debug|Win32
		Debug|x64 = Debug|x64
		Release|Win32 = Release|Win32
		Release|x64 = Release|x64
	EndGlobalSection
	GlobalSection(ProjectConfigurationPlatforms) = postSolution
		{D8B92D0C-BFDD-4D18-BC19-79CA26D8A24A}.Debug|Win32.ActiveCfg = Debug|Win32
		{D8B92D0C-BFDD-4D18-BC19-79CA26D8A24A}.Debug|Win32.Build.0 = Debug|Win32
		{D8B92D0C-BFDD-4D18-BC19-79CA26D8A24A}.Debug|x64.ActiveCfg = Debug|Win32
		{D8B92D0C-BFDD-4D18-BC19-79CA26D8A24A}.Release|Win32.ActiveCfg = Release|Win32
		{D8B92D0C-BFDD-4D18-BC19-79CA26D8A24A}.Release|Win32.Build.0 = Release|Win32
		{D8B92D0C-BFDD-4D18-BC19-79CA26D8A24A}.Release|x64.ActiveCfg = Release|Win32
		{C7F9EBA2-B553-483B-BC34-D25F1C718255}.Debug|Win32.ActiveCfg = Debug|Win32
		{C7F9EBA2-B553-483B-BC34-D25F1C718255}.Debug|Win32.Build.0 = Debug|Win32
		{C7F9EBA2-B553-483B-BC34-D25F1C718255}.Debug|x64.ActiveCfg = Debug|Win32
		{C7F9EBA2-B553-483B-BC34-D25F1C718255}.Release|Win32.ActiveCfg = Release|Win32
		{C7F9EBA2-B553-483B-BC34-D25F1C718255}.Release|Win32.Build.0 = Release|Win32
		{C7F9EBA2-B553-483B-BC34-D25F1C718255}.Release|x64.ActiveCfg = Release|Win32
		{EF9CA22D-0C8F-42E9-AB66-98BC1A640F10}.Debug|Win32.ActiveCfg = Debug|Win32
		{EF9CA22D-0C8F-42E9-AB66-98BC1A640F10}.Debug|Win32.Build.0 = Debug|Win32
		{EF9CA22D-0C8F-42E9-AB66-98BC1A640F10}.Debug|Win32.Deploy.0 = Debug|Win32
		{EF9CA22D-0C8F-42E9-AB66-98BC1A640F10}.Debug|x64.ActiveCfg = Debug|x64
		{EF9CA22D-0C8F-42E9-AB66-98BC1A640F10}.Debug|x64.Build.0 = Debug|x64
		{EF9CA22D-0C8F-42E9-AB66-98BC1A640F10}.Release|Win32.ActiveCfg = Release|Win32
		{EF9CA22D-0C8F-42E9-AB66-98BC1A640F10}.Release|Win32.Build.0 = Release|Win32
		{EF9CA22D-0C8F-42E9-AB66-98BC1A640F10}.Release|x64.ActiveCfg = Release|x64
		{EF9CA22D-0C8F-42E9-AB66-98BC1A640F10}.Release|x64.Build.0 = Release|x64
		{A202AA06-F0EE-4B05-86DE-DA63B9F146D4}.Debug|Win32.ActiveCfg = Debug|Win32
		{A202AA06-F0EE-4B05-86DE-DA63B9F146D4}.Debug|Win32.Build.0 = Debug|Win32
		{A202AA06-F0EE-4B05-86DE-DA63B9F146D4}.Debug|x64.ActiveCfg = Debug|x64
		{A202AA06-F0EE-4B05-86DE-DA63B9F146D4}.Debug|x64.Build.0 = Debug|x64
		{A202AA06-F0EE-4B05-86DE-DA63B9F146D4}.Release|Win32.ActiveCfg = Release|Win32
		{A202AA06-F0EE-4B05-86DE-DA63B9F146D4}.Release|Win32.Build.0 = Release|Win32
		{A202AA06-F0EE-4B05-86DE-DA63B9F146D4}.Release|x64.ActiveCfg = Release|x64
		{A202AA06-F0EE-4B05-86DE-DA63B9F146D4}.Release|x64.Build.0 = Release|x64
		{298EE8F4-95A2-4A3F-A491-80DC3ED42377}.Debug|Win32.ActiveCfg = Debug|Win32
		{298EE8F4-95A2-4A3F-A491-80DC3ED42377}.Debug|Win32.Build.0 = Debug|Win32
		{298EE8F4-95A2-4A3F-A491-80DC3ED42377}.Debug|x64.ActiveCfg = Debug|Win32
		{298EE8F4-95A2-4A3F-A491-80DC3ED42377}.Release|Win32.ActiveCfg = Release|Win32
		{298EE8F4-95A2-4A3F-A491-80DC3ED42377}.Release|Win32.Build.0 = Release|Win32
		{298EE8F4-95A2-4A3F-A491-80DC3ED42377}.Release|x64.ActiveCfg = Release|Win32
		{6E994653-A69C-4BE2-B830-97676E805F29}.Debug|Win32.ActiveCfg = Debug|Win32
		{6E994653-A69C-4BE2-B830-97676E805F29}.Debug|Win32.Build.0 = Debug|Win32
		{6E994653-A69C-4BE2-B830-97676E805F29}.Debug|x64.ActiveCfg = Debug|x64
		{6E994653-A69C-4BE2-B830-97676E805F29}.Debug|x64.Build.0 = Debug|x64
		{6E994653-A69C-4BE2-B830-97676E805F29}.Release|Win32.ActiveCfg = Release|Win32
		{6E994653-A69C-4BE2-B830-97676E805F29}.Release|Win32.Build.0 = Release|Win32
		{6E994653-A69C-4BE2-B830-97676E805F29}.Release|x64.ActiveCfg = Release|x64
		{6E994653-A69C-4BE2-B830-97676E805F29}.Release|x64.Build.0 = Release|x64
	EndGlobalSection
	GlobalSection(SolutionProperties) = preSolution
		HideSolutionNode = FALSE
	EndGlobalSection
	GlobalSection(ExtensibilityGlobals) = postSolution
		SolutionGuid = {0C961A9B-51D0-42FE-917A-3C2D6E0F7893}
	EndGlobalSection
EndGlobal
